
Microsoft Visual Studio Solution File, Format Version 12.00
# Visual Studio Version 17
VisualStudioVersion = 17.3.32825.248
MinimumVisualStudioVersion = 10.0.40219.1
Project("{FAE04EC0-301F-11D3-BF4B-00C04F79EFBC}") = "AuthServer.Core", "AuthServer.Core\AuthServer.Core.csproj", "{68F498A8-0F86-4204-9CEB-D0933A4CADC6}"
EndProject
Project("{FAE04EC0-301F-11D3-BF4B-00C04F79EFBC}") = "AuthServer.Repositories", "AuthServer.Repositories\AuthServer.Repositories.csproj", "{2C5D4B90-5A36-42F8-9CC9-CA68A350CA1B}"
EndProject
Project("{FAE04EC0-301F-11D3-BF4B-00C04F79EFBC}") = "AuthServer.Services", "AuthServer.Services\AuthServer.Services.csproj", "{D1E68F51-8DCB-47C5-8242-25BD19AA00D4}"
EndProject
Project("{FAE04EC0-301F-11D3-BF4B-00C04F79EFBC}") = "AuthServer.WebAPI", "AuthServer.WebAPI\AuthServer.WebAPI.csproj", "{3BD342CD-32B0-4EA5-AB88-CCCDC688F5FA}"
EndProject
Global
	GlobalSection(SolutionConfigurationPlatforms) = preSolution
		Debug|Any CPU = Debug|Any CPU
		Release|Any CPU = Release|Any CPU
	EndGlobalSection
	GlobalSection(ProjectConfigurationPlatforms) = postSolution
		{68F498A8-0F86-4204-9CEB-D0933A4CADC6}.Debug|Any CPU.ActiveCfg = Debug|Any CPU
		{68F498A8-0F86-4204-9CEB-D0933A4CADC6}.Debug|Any CPU.Build.0 = Debug|Any CPU
		{68F498A8-0F86-4204-9CEB-D0933A4CADC6}.Release|Any CPU.ActiveCfg = Release|Any CPU
		{68F498A8-0F86-4204-9CEB-D0933A4CADC6}.Release|Any CPU.Build.0 = Release|Any CPU
		{2C5D4B90-5A36-42F8-9CC9-CA68A350CA1B}.Debug|Any CPU.ActiveCfg = Debug|Any CPU
		{2C5D4B90-5A36-42F8-9CC9-CA68A350CA1B}.Debug|Any CPU.Build.0 = Debug|Any CPU
		{2C5D4B90-5A36-42F8-9CC9-CA68A350CA1B}.Release|Any CPU.ActiveCfg = Release|Any CPU
		{2C5D4B90-5A36-42F8-9CC9-CA68A350CA1B}.Release|Any CPU.Build.0 = Release|Any CPU
		{D1E68F51-8DCB-47C5-8242-25BD19AA00D4}.Debug|Any CPU.ActiveCfg = Debug|Any CPU
		{D1E68F51-8DCB-47C5-8242-25BD19AA00D4}.Debug|Any CPU.Build.0 = Debug|Any CPU
		{D1E68F51-8DCB-47C5-8242-25BD19AA00D4}.Release|Any CPU.ActiveCfg = Release|Any CPU
		{D1E68F51-8DCB-47C5-8242-25BD19AA00D4}.Release|Any CPU.Build.0 = Release|Any CPU
		{3BD342CD-32B0-4EA5-AB88-CCCDC688F5FA}.Debug|Any CPU.ActiveCfg = Debug|Any CPU
		{3BD342CD-32B0-4EA5-AB88-CCCDC688F5FA}.Debug|Any CPU.Build.0 = Debug|Any CPU
		{3BD342CD-32B0-4EA5-AB88-CCCDC688F5FA}.Release|Any CPU.ActiveCfg = Release|Any CPU
		{3BD342CD-32B0-4EA5-AB88-CCCDC688F5FA}.Release|Any CPU.Build.0 = Release|Any CPU
	EndGlobalSection
	GlobalSection(SolutionProperties) = preSolution
		HideSolutionNode = FALSE
	EndGlobalSection
	GlobalSection(ExtensibilityGlobals) = postSolution
		SolutionGuid = {9C779396-A874-491B-A716-186BCF8F0A1E}
	EndGlobalSection
EndGlobal
